
Microsoft Visual Studio Solution File, Format Version 12.00
# Visual Studio Version 16
VisualStudioVersion = 16.0.29306.81
MinimumVisualStudioVersion = 10.0.40219.1
Project("{9A19103F-16F7-4668-BE54-9A1E7A4F7556}") = "CS-CPP-Translator", "build\CS-CPP-Translator.csproj", "{DAF32AFC-74F6-4D0B-ACCB-2A965324BF01}"
EndProject
Project("{FAE04EC0-301F-11D3-BF4B-00C04F79EFBC}") = "BlinkSample", "BlinkSample\BlinkSample.csproj", "{0986D6C7-D05E-4D9A-A14A-454CD5CBFB86}"
EndProject
Global
	GlobalSection(SolutionConfigurationPlatforms) = preSolution
		Debug|Any CPU = Debug|Any CPU
		Release|Any CPU = Release|Any CPU
	EndGlobalSection
	GlobalSection(ProjectConfigurationPlatforms) = postSolution
		{DAF32AFC-74F6-4D0B-ACCB-2A965324BF01}.Debug|Any CPU.ActiveCfg = Debug|Any CPU
		{DAF32AFC-74F6-4D0B-ACCB-2A965324BF01}.Debug|Any CPU.Build.0 = Debug|Any CPU
		{DAF32AFC-74F6-4D0B-ACCB-2A965324BF01}.Release|Any CPU.ActiveCfg = Release|Any CPU
		{DAF32AFC-74F6-4D0B-ACCB-2A965324BF01}.Release|Any CPU.Build.0 = Release|Any CPU
		{0986D6C7-D05E-4D9A-A14A-454CD5CBFB86}.Debug|Any CPU.ActiveCfg = Debug|Any CPU
		{0986D6C7-D05E-4D9A-A14A-454CD5CBFB86}.Debug|Any CPU.Build.0 = Debug|Any CPU
		{0986D6C7-D05E-4D9A-A14A-454CD5CBFB86}.Release|Any CPU.ActiveCfg = Release|Any CPU
		{0986D6C7-D05E-4D9A-A14A-454CD5CBFB86}.Release|Any CPU.Build.0 = Release|Any CPU
	EndGlobalSection
	GlobalSection(SolutionProperties) = preSolution
		HideSolutionNode = FALSE
	EndGlobalSection
	GlobalSection(ExtensibilityGlobals) = postSolution
		SolutionGuid = {03E3AA69-B400-4D4C-AF97-6E156A8AD0E9}
	EndGlobalSection
EndGlobal
